
Microsoft Visual Studio Solution File, Format Version 12.00
# Visual Studio Version 17
VisualStudioVersion = 17.11.35327.3
MinimumVisualStudioVersion = 10.0.40219.1
Project("{8BC9CEB8-8B4A-11D0-8D11-00A0C91BC942}") = "Project1", "Project1\Project1.vcxproj", "{FFF6A94B-1653-46EA-B640-4793AE57DAAE}"
EndProject
Project("{8BC9CEB8-8B4A-11D0-8D11-00A0C91BC942}") = "Project2", "Project2\Project2.vcxproj", "{B0038B01-D2E7-4B27-B3A7-1A5C3AE89052}"
EndProject
Project("{8BC9CEB8-8B4A-11D0-8D11-00A0C91BC942}") = "Project3", "Project3\Project3.vcxproj", "{174B2099-287D-4DE7-B494-4058AE0FE4B4}"
EndProject
Global
	GlobalSection(SolutionConfigurationPlatforms) = preSolution
		Debug|x64 = Debug|x64
		Debug|x86 = Debug|x86
		Release|x64 = Release|x64
		Release|x86 = Release|x86
	EndGlobalSection
	GlobalSection(ProjectConfigurationPlatforms) = postSolution
		{FFF6A94B-1653-46EA-B640-4793AE57DAAE}.Debug|x64.ActiveCfg = Debug|x64
		{FFF6A94B-1653-46EA-B640-4793AE57DAAE}.Debug|x64.Build.0 = Debug|x64
		{FFF6A94B-1653-46EA-B640-4793AE57DAAE}.Debug|x86.ActiveCfg = Debug|Win32
		{FFF6A94B-1653-46EA-B640-4793AE57DAAE}.Debug|x86.Build.0 = Debug|Win32
		{FFF6A94B-1653-46EA-B640-4793AE57DAAE}.Release|x64.ActiveCfg = Release|x64
		{FFF6A94B-1653-46EA-B640-4793AE57DAAE}.Release|x64.Build.0 = Release|x64
		{FFF6A94B-1653-46EA-B640-4793AE57DAAE}.Release|x86.ActiveCfg = Release|Win32
		{FFF6A94B-1653-46EA-B640-4793AE57DAAE}.Release|x86.Build.0 = Release|Win32
		{B0038B01-D2E7-4B27-B3A7-1A5C3AE89052}.Debug|x64.ActiveCfg = Debug|x64
		{B0038B01-D2E7-4B27-B3A7-1A5C3AE89052}.Debug|x64.Build.0 = Debug|x64
		{B0038B01-D2E7-4B27-B3A7-1A5C3AE89052}.Debug|x86.ActiveCfg = Debug|Win32
		{B0038B01-D2E7-4B27-B3A7-1A5C3AE89052}.Debug|x86.Build.0 = Debug|Win32
		{B0038B01-D2E7-4B27-B3A7-1A5C3AE89052}.Release|x64.ActiveCfg = Release|x64
		{B0038B01-D2E7-4B27-B3A7-1A5C3AE89052}.Release|x64.Build.0 = Release|x64
		{B0038B01-D2E7-4B27-B3A7-1A5C3AE89052}.Release|x86.ActiveCfg = Release|Win32
		{B0038B01-D2E7-4B27-B3A7-1A5C3AE89052}.Release|x86.Build.0 = Release|Win32
		{174B2099-287D-4DE7-B494-4058AE0FE4B4}.Debug|x64.ActiveCfg = Debug|x64
		{174B2099-287D-4DE7-B494-4058AE0FE4B4}.Debug|x64.Build.0 = Debug|x64
		{174B2099-287D-4DE7-B494-4058AE0FE4B4}.Debug|x86.ActiveCfg = Debug|Win32
		{174B2099-287D-4DE7-B494-4058AE0FE4B4}.Debug|x86.Build.0 = Debug|Win32
		{174B2099-287D-4DE7-B494-4058AE0FE4B4}.Release|x64.ActiveCfg = Release|x64
		{174B2099-287D-4DE7-B494-4058AE0FE4B4}.Release|x64.Build.0 = Release|x64
		{174B2099-287D-4DE7-B494-4058AE0FE4B4}.Release|x86.ActiveCfg = Release|Win32
		{174B2099-287D-4DE7-B494-4058AE0FE4B4}.Release|x86.Build.0 = Release|Win32
	EndGlobalSection
	GlobalSection(SolutionProperties) = preSolution
		HideSolutionNode = FALSE
	EndGlobalSection
	GlobalSection(ExtensibilityGlobals) = postSolution
		SolutionGuid = {0C7F10FA-2F89-4EE2-A698-C0E2FCA73BDC}
	EndGlobalSection
EndGlobal
