
Microsoft Visual Studio Solution File, Format Version 12.00
# Visual Studio Version 16
VisualStudioVersion = 16.0.33529.622
MinimumVisualStudioVersion = 10.0.40219.1
Project("{8BC9CEB8-8B4A-11D0-8D11-00A0C91BC942}") = "Project1", "Project1\Project1.vcxproj", "{E9ACEADA-8247-41FB-B5B2-38170C85D017}"
EndProject
Project("{8BC9CEB8-8B4A-11D0-8D11-00A0C91BC942}") = "Project2", "Project2\Project2.vcxproj", "{DA11A639-27FE-41A2-AF94-63B43C1856B8}"
EndProject
Project("{8BC9CEB8-8B4A-11D0-8D11-00A0C91BC942}") = "Project3", "Project3\Project3.vcxproj", "{9BCFF716-7DB4-4279-8336-4434739B40E7}"
EndProject
Project("{8BC9CEB8-8B4A-11D0-8D11-00A0C91BC942}") = "Project4", "Project4\Project4.vcxproj", "{ECF07FD3-70D7-4B21-A058-5875C39751BF}"
EndProject
Project("{8BC9CEB8-8B4A-11D0-8D11-00A0C91BC942}") = "Project5", "Project5\Project5.vcxproj", "{03494940-F44F-496B-B6A0-2EA9A3705E02}"
EndProject
Project("{8BC9CEB8-8B4A-11D0-8D11-00A0C91BC942}") = "Project6", "Project6\Project6.vcxproj", "{976CE813-7D7F-4B03-9CD6-17F35433B7DB}"
EndProject
Project("{8BC9CEB8-8B4A-11D0-8D11-00A0C91BC942}") = "Project7", "Project7\Project7.vcxproj", "{4AF50F97-3D97-4E8B-9040-C9C9BF44B557}"
EndProject
Project("{8BC9CEB8-8B4A-11D0-8D11-00A0C91BC942}") = "Project8", "Project8\Project8.vcxproj", "{A3F776FA-500C-4A87-B279-9E069F13AA48}"
EndProject
Project("{8BC9CEB8-8B4A-11D0-8D11-00A0C91BC942}") = "Project9", "Project9\Project9.vcxproj", "{2A6BC1CB-E44A-49EE-8E25-042306447CAA}"
EndProject
Project("{8BC9CEB8-8B4A-11D0-8D11-00A0C91BC942}") = "Project10", "Project10\Project10.vcxproj", "{167A9809-32FB-48EB-8CDC-6FE79B6FFD77}"
EndProject
Project("{8BC9CEB8-8B4A-11D0-8D11-00A0C91BC942}") = "Project11", "Project11\Project11.vcxproj", "{F772C23E-AE18-4A9C-AC6A-D052D31DF748}"
EndProject
Global
	GlobalSection(SolutionConfigurationPlatforms) = preSolution
		Debug|x64 = Debug|x64
		Debug|x86 = Debug|x86
		Release|x64 = Release|x64
		Release|x86 = Release|x86
	EndGlobalSection
	GlobalSection(ProjectConfigurationPlatforms) = postSolution
		{E9ACEADA-8247-41FB-B5B2-38170C85D017}.Debug|x64.ActiveCfg = Debug|x64
		{E9ACEADA-8247-41FB-B5B2-38170C85D017}.Debug|x64.Build.0 = Debug|x64
		{E9ACEADA-8247-41FB-B5B2-38170C85D017}.Debug|x86.ActiveCfg = Debug|Win32
		{E9ACEADA-8247-41FB-B5B2-38170C85D017}.Debug|x86.Build.0 = Debug|Win32
		{E9ACEADA-8247-41FB-B5B2-38170C85D017}.Release|x64.ActiveCfg = Release|x64
		{E9ACEADA-8247-41FB-B5B2-38170C85D017}.Release|x64.Build.0 = Release|x64
		{E9ACEADA-8247-41FB-B5B2-38170C85D017}.Release|x86.ActiveCfg = Release|Win32
		{E9ACEADA-8247-41FB-B5B2-38170C85D017}.Release|x86.Build.0 = Release|Win32
		{DA11A639-27FE-41A2-AF94-63B43C1856B8}.Debug|x64.ActiveCfg = Debug|x64
		{DA11A639-27FE-41A2-AF94-63B43C1856B8}.Debug|x64.Build.0 = Debug|x64
		{DA11A639-27FE-41A2-AF94-63B43C1856B8}.Debug|x86.ActiveCfg = Debug|Win32
		{DA11A639-27FE-41A2-AF94-63B43C1856B8}.Debug|x86.Build.0 = Debug|Win32
		{DA11A639-27FE-41A2-AF94-63B43C1856B8}.Release|x64.ActiveCfg = Release|x64
		{DA11A639-27FE-41A2-AF94-63B43C1856B8}.Release|x64.Build.0 = Release|x64
		{DA11A639-27FE-41A2-AF94-63B43C1856B8}.Release|x86.ActiveCfg = Release|Win32
		{DA11A639-27FE-41A2-AF94-63B43C1856B8}.Release|x86.Build.0 = Release|Win32
		{9BCFF716-7DB4-4279-8336-4434739B40E7}.Debug|x64.ActiveCfg = Debug|x64
		{9BCFF716-7DB4-4279-8336-4434739B40E7}.Debug|x64.Build.0 = Debug|x64
		{9BCFF716-7DB4-4279-8336-4434739B40E7}.Debug|x86.ActiveCfg = Debug|Win32
		{9BCFF716-7DB4-4279-8336-4434739B40E7}.Debug|x86.Build.0 = Debug|Win32
		{9BCFF716-7DB4-4279-8336-4434739B40E7}.Release|x64.ActiveCfg = Release|x64
		{9BCFF716-7DB4-4279-8336-4434739B40E7}.Release|x64.Build.0 = Release|x64
		{9BCFF716-7DB4-4279-8336-4434739B40E7}.Release|x86.ActiveCfg = Release|Win32
		{9BCFF716-7DB4-4279-8336-4434739B40E7}.Release|x86.Build.0 = Release|Win32
		{ECF07FD3-70D7-4B21-A058-5875C39751BF}.Debug|x64.ActiveCfg = Debug|x64
		{ECF07FD3-70D7-4B21-A058-5875C39751BF}.Debug|x64.Build.0 = Debug|x64
		{ECF07FD3-70D7-4B21-A058-5875C39751BF}.Debug|x86.ActiveCfg = Debug|Win32
		{ECF07FD3-70D7-4B21-A058-5875C39751BF}.Debug|x86.Build.0 = Debug|Win32
		{ECF07FD3-70D7-4B21-A058-5875C39751BF}.Release|x64.ActiveCfg = Release|x64
		{ECF07FD3-70D7-4B21-A058-5875C39751BF}.Release|x64.Build.0 = Release|x64
		{ECF07FD3-70D7-4B21-A058-5875C39751BF}.Release|x86.ActiveCfg = Release|Win32
		{ECF07FD3-70D7-4B21-A058-5875C39751BF}.Release|x86.Build.0 = Release|Win32
		{03494940-F44F-496B-B6A0-2EA9A3705E02}.Debug|x64.ActiveCfg = Debug|x64
		{03494940-F44F-496B-B6A0-2EA9A3705E02}.Debug|x64.Build.0 = Debug|x64
		{03494940-F44F-496B-B6A0-2EA9A3705E02}.Debug|x86.ActiveCfg = Debug|Win32
		{03494940-F44F-496B-B6A0-2EA9A3705E02}.Debug|x86.Build.0 = Debug|Win32
		{03494940-F44F-496B-B6A0-2EA9A3705E02}.Release|x64.ActiveCfg = Release|x64
		{03494940-F44F-496B-B6A0-2EA9A3705E02}.Release|x64.Build.0 = Release|x64
		{03494940-F44F-496B-B6A0-2EA9A3705E02}.Release|x86.ActiveCfg = Release|Win32
		{03494940-F44F-496B-B6A0-2EA9A3705E02}.Release|x86.Build.0 = Release|Win32
		{976CE813-7D7F-4B03-9CD6-17F35433B7DB}.Debug|x64.ActiveCfg = Debug|x64
		{976CE813-7D7F-4B03-9CD6-17F35433B7DB}.Debug|x64.Build.0 = Debug|x64
		{976CE813-7D7F-4B03-9CD6-17F35433B7DB}.Debug|x86.ActiveCfg = Debug|Win32
		{976CE813-7D7F-4B03-9CD6-17F35433B7DB}.Debug|x86.Build.0 = Debug|Win32
		{976CE813-7D7F-4B03-9CD6-17F35433B7DB}.Release|x64.ActiveCfg = Release|x64
		{976CE813-7D7F-4B03-9CD6-17F35433B7DB}.Release|x64.Build.0 = Release|x64
		{976CE813-7D7F-4B03-9CD6-17F35433B7DB}.Release|x86.ActiveCfg = Release|Win32
		{976CE813-7D7F-4B03-9CD6-17F35433B7DB}.Release|x86.Build.0 = Release|Win32
		{4AF50F97-3D97-4E8B-9040-C9C9BF44B557}.Debug|x64.ActiveCfg = Debug|x64
		{4AF50F97-3D97-4E8B-9040-C9C9BF44B557}.Debug|x64.Build.0 = Debug|x64
		{4AF50F97-3D97-4E8B-9040-C9C9BF44B557}.Debug|x86.ActiveCfg = Debug|Win32
		{4AF50F97-3D97-4E8B-9040-C9C9BF44B557}.Debug|x86.Build.0 = Debug|Win32
		{4AF50F97-3D97-4E8B-9040-C9C9BF44B557}.Release|x64.ActiveCfg = Release|x64
		{4AF50F97-3D97-4E8B-9040-C9C9BF44B557}.Release|x64.Build.0 = Release|x64
		{4AF50F97-3D97-4E8B-9040-C9C9BF44B557}.Release|x86.ActiveCfg = Release|Win32
		{4AF50F97-3D97-4E8B-9040-C9C9BF44B557}.Release|x86.Build.0 = Release|Win32
		{A3F776FA-500C-4A87-B279-9E069F13AA48}.Debug|x64.ActiveCfg = Debug|x64
		{A3F776FA-500C-4A87-B279-9E069F13AA48}.Debug|x64.Build.0 = Debug|x64
		{A3F776FA-500C-4A87-B279-9E069F13AA48}.Debug|x86.ActiveCfg = Debug|Win32
		{A3F776FA-500C-4A87-B279-9E069F13AA48}.Debug|x86.Build.0 = Debug|Win32
		{A3F776FA-500C-4A87-B279-9E069F13AA48}.Release|x64.ActiveCfg = Release|x64
		{A3F776FA-500C-4A87-B279-9E069F13AA48}.Release|x64.Build.0 = Release|x64
		{A3F776FA-500C-4A87-B279-9E069F13AA48}.Release|x86.ActiveCfg = Release|Win32
		{A3F776FA-500C-4A87-B279-9E069F13AA48}.Release|x86.Build.0 = Release|Win32
		{2A6BC1CB-E44A-49EE-8E25-042306447CAA}.Debug|x64.ActiveCfg = Debug|x64
		{2A6BC1CB-E44A-49EE-8E25-042306447CAA}.Debug|x64.Build.0 = Debug|x64
		{2A6BC1CB-E44A-49EE-8E25-042306447CAA}.Debug|x86.ActiveCfg = Debug|Win32
		{2A6BC1CB-E44A-49EE-8E25-042306447CAA}.Debug|x86.Build.0 = Debug|Win32
		{2A6BC1CB-E44A-49EE-8E25-042306447CAA}.Release|x64.ActiveCfg = Release|x64
		{2A6BC1CB-E44A-49EE-8E25-042306447CAA}.Release|x64.Build.0 = Release|x64
		{2A6BC1CB-E44A-49EE-8E25-042306447CAA}.Release|x86.ActiveCfg = Release|Win32
		{2A6BC1CB-E44A-49EE-8E25-042306447CAA}.Release|x86.Build.0 = Release|Win32
		{167A9809-32FB-48EB-8CDC-6FE79B6FFD77}.Debug|x64.ActiveCfg = Debug|x64
		{167A9809-32FB-48EB-8CDC-6FE79B6FFD77}.Debug|x64.Build.0 = Debug|x64
		{167A9809-32FB-48EB-8CDC-6FE79B6FFD77}.Debug|x86.ActiveCfg = Debug|Win32
		{167A9809-32FB-48EB-8CDC-6FE79B6FFD77}.Debug|x86.Build.0 = Debug|Win32
		{167A9809-32FB-48EB-8CDC-6FE79B6FFD77}.Release|x64.ActiveCfg = Release|x64
		{167A9809-32FB-48EB-8CDC-6FE79B6FFD77}.Release|x64.Build.0 = Release|x64
		{167A9809-32FB-48EB-8CDC-6FE79B6FFD77}.Release|x86.ActiveCfg = Release|Win32
		{167A9809-32FB-48EB-8CDC-6FE79B6FFD77}.Release|x86.Build.0 = Release|Win32
		{F772C23E-AE18-4A9C-AC6A-D052D31DF748}.Debug|x64.ActiveCfg = Debug|x64
		{F772C23E-AE18-4A9C-AC6A-D052D31DF748}.Debug|x64.Build.0 = Debug|x64
		{F772C23E-AE18-4A9C-AC6A-D052D31DF748}.Debug|x86.ActiveCfg = Debug|Win32
		{F772C23E-AE18-4A9C-AC6A-D052D31DF748}.Debug|x86.Build.0 = Debug|Win32
		{F772C23E-AE18-4A9C-AC6A-D052D31DF748}.Release|x64.ActiveCfg = Release|x64
		{F772C23E-AE18-4A9C-AC6A-D052D31DF748}.Release|x64.Build.0 = Release|x64
		{F772C23E-AE18-4A9C-AC6A-D052D31DF748}.Release|x86.ActiveCfg = Release|Win32
		{F772C23E-AE18-4A9C-AC6A-D052D31DF748}.Release|x86.Build.0 = Release|Win32
	EndGlobalSection
	GlobalSection(SolutionProperties) = preSolution
		HideSolutionNode = FALSE
	EndGlobalSection
	GlobalSection(ExtensibilityGlobals) = postSolution
		SolutionGuid = {2E69DD68-B1EE-49B3-B859-510668F51855}
	EndGlobalSection
EndGlobal
