
Microsoft Visual Studio Solution File, Format Version 12.00
# Visual Studio Version 17
VisualStudioVersion = 17.6.33815.320
MinimumVisualStudioVersion = 10.0.40219.1
Project("{8BC9CEB8-8B4A-11D0-8D11-00A0C91BC942}") = "Project1", "Project1\Project1.vcxproj", "{A462C802-1A02-4AD4-A5B5-28D3884EECB6}"
EndProject
Project("{8BC9CEB8-8B4A-11D0-8D11-00A0C91BC942}") = "Project2", "Project2\Project2.vcxproj", "{802D9554-1CCB-48CB-BDC2-AA2F49DF55F8}"
EndProject
Project("{8BC9CEB8-8B4A-11D0-8D11-00A0C91BC942}") = "Project3", "Project3\Project3.vcxproj", "{A8A9B9E2-2A3C-4E7A-91C2-54FF1A0DF1AC}"
EndProject
Project("{8BC9CEB8-8B4A-11D0-8D11-00A0C91BC942}") = "Project4", "Project4\Project4.vcxproj", "{F2C1CC3E-9FA1-4DC4-B81A-D9A34197D266}"
EndProject
Global
	GlobalSection(SolutionConfigurationPlatforms) = preSolution
		Debug|x64 = Debug|x64
		Debug|x86 = Debug|x86
		Release|x64 = Release|x64
		Release|x86 = Release|x86
	EndGlobalSection
	GlobalSection(ProjectConfigurationPlatforms) = postSolution
		{A462C802-1A02-4AD4-A5B5-28D3884EECB6}.Debug|x64.ActiveCfg = Debug|x64
		{A462C802-1A02-4AD4-A5B5-28D3884EECB6}.Debug|x64.Build.0 = Debug|x64
		{A462C802-1A02-4AD4-A5B5-28D3884EECB6}.Debug|x86.ActiveCfg = Debug|Win32
		{A462C802-1A02-4AD4-A5B5-28D3884EECB6}.Debug|x86.Build.0 = Debug|Win32
		{A462C802-1A02-4AD4-A5B5-28D3884EECB6}.Release|x64.ActiveCfg = Release|x64
		{A462C802-1A02-4AD4-A5B5-28D3884EECB6}.Release|x64.Build.0 = Release|x64
		{A462C802-1A02-4AD4-A5B5-28D3884EECB6}.Release|x86.ActiveCfg = Release|Win32
		{A462C802-1A02-4AD4-A5B5-28D3884EECB6}.Release|x86.Build.0 = Release|Win32
		{802D9554-1CCB-48CB-BDC2-AA2F49DF55F8}.Debug|x64.ActiveCfg = Debug|x64
		{802D9554-1CCB-48CB-BDC2-AA2F49DF55F8}.Debug|x64.Build.0 = Debug|x64
		{802D9554-1CCB-48CB-BDC2-AA2F49DF55F8}.Debug|x86.ActiveCfg = Debug|Win32
		{802D9554-1CCB-48CB-BDC2-AA2F49DF55F8}.Debug|x86.Build.0 = Debug|Win32
		{802D9554-1CCB-48CB-BDC2-AA2F49DF55F8}.Release|x64.ActiveCfg = Release|x64
		{802D9554-1CCB-48CB-BDC2-AA2F49DF55F8}.Release|x64.Build.0 = Release|x64
		{802D9554-1CCB-48CB-BDC2-AA2F49DF55F8}.Release|x86.ActiveCfg = Release|Win32
		{802D9554-1CCB-48CB-BDC2-AA2F49DF55F8}.Release|x86.Build.0 = Release|Win32
		{A8A9B9E2-2A3C-4E7A-91C2-54FF1A0DF1AC}.Debug|x64.ActiveCfg = Debug|x64
		{A8A9B9E2-2A3C-4E7A-91C2-54FF1A0DF1AC}.Debug|x64.Build.0 = Debug|x64
		{A8A9B9E2-2A3C-4E7A-91C2-54FF1A0DF1AC}.Debug|x86.ActiveCfg = Debug|Win32
		{A8A9B9E2-2A3C-4E7A-91C2-54FF1A0DF1AC}.Debug|x86.Build.0 = Debug|Win32
		{A8A9B9E2-2A3C-4E7A-91C2-54FF1A0DF1AC}.Release|x64.ActiveCfg = Release|x64
		{A8A9B9E2-2A3C-4E7A-91C2-54FF1A0DF1AC}.Release|x64.Build.0 = Release|x64
		{A8A9B9E2-2A3C-4E7A-91C2-54FF1A0DF1AC}.Release|x86.ActiveCfg = Release|Win32
		{A8A9B9E2-2A3C-4E7A-91C2-54FF1A0DF1AC}.Release|x86.Build.0 = Release|Win32
		{F2C1CC3E-9FA1-4DC4-B81A-D9A34197D266}.Debug|x64.ActiveCfg = Debug|x64
		{F2C1CC3E-9FA1-4DC4-B81A-D9A34197D266}.Debug|x64.Build.0 = Debug|x64
		{F2C1CC3E-9FA1-4DC4-B81A-D9A34197D266}.Debug|x86.ActiveCfg = Debug|Win32
		{F2C1CC3E-9FA1-4DC4-B81A-D9A34197D266}.Debug|x86.Build.0 = Debug|Win32
		{F2C1CC3E-9FA1-4DC4-B81A-D9A34197D266}.Release|x64.ActiveCfg = Release|x64
		{F2C1CC3E-9FA1-4DC4-B81A-D9A34197D266}.Release|x64.Build.0 = Release|x64
		{F2C1CC3E-9FA1-4DC4-B81A-D9A34197D266}.Release|x86.ActiveCfg = Release|Win32
		{F2C1CC3E-9FA1-4DC4-B81A-D9A34197D266}.Release|x86.Build.0 = Release|Win32
	EndGlobalSection
	GlobalSection(SolutionProperties) = preSolution
		HideSolutionNode = FALSE
	EndGlobalSection
	GlobalSection(ExtensibilityGlobals) = postSolution
		SolutionGuid = {F3411D45-3703-43DE-A3E1-2382F51712C0}
	EndGlobalSection
EndGlobal
