
Microsoft Visual Studio Solution File, Format Version 12.00
# Visual Studio Version 17
VisualStudioVersion = 17.11.35327.3
MinimumVisualStudioVersion = 10.0.40219.1
Project("{8BC9CEB8-8B4A-11D0-8D11-00A0C91BC942}") = "Project1", "Project1\Project1.vcxproj", "{7C98BFC3-370F-4DA7-9F12-C7404DD90EC1}"
EndProject
Project("{8BC9CEB8-8B4A-11D0-8D11-00A0C91BC942}") = "Project2", "Project2\Project2.vcxproj", "{82AAAEB3-CEE9-4500-91E1-6E01AEE9D79A}"
EndProject
Global
	GlobalSection(SolutionConfigurationPlatforms) = preSolution
		Debug|x64 = Debug|x64
		Debug|x86 = Debug|x86
		Release|x64 = Release|x64
		Release|x86 = Release|x86
	EndGlobalSection
	GlobalSection(ProjectConfigurationPlatforms) = postSolution
		{7C98BFC3-370F-4DA7-9F12-C7404DD90EC1}.Debug|x64.ActiveCfg = Debug|x64
		{7C98BFC3-370F-4DA7-9F12-C7404DD90EC1}.Debug|x64.Build.0 = Debug|x64
		{7C98BFC3-370F-4DA7-9F12-C7404DD90EC1}.Debug|x86.ActiveCfg = Debug|Win32
		{7C98BFC3-370F-4DA7-9F12-C7404DD90EC1}.Debug|x86.Build.0 = Debug|Win32
		{7C98BFC3-370F-4DA7-9F12-C7404DD90EC1}.Release|x64.ActiveCfg = Release|x64
		{7C98BFC3-370F-4DA7-9F12-C7404DD90EC1}.Release|x64.Build.0 = Release|x64
		{7C98BFC3-370F-4DA7-9F12-C7404DD90EC1}.Release|x86.ActiveCfg = Release|Win32
		{7C98BFC3-370F-4DA7-9F12-C7404DD90EC1}.Release|x86.Build.0 = Release|Win32
		{82AAAEB3-CEE9-4500-91E1-6E01AEE9D79A}.Debug|x64.ActiveCfg = Debug|x64
		{82AAAEB3-CEE9-4500-91E1-6E01AEE9D79A}.Debug|x64.Build.0 = Debug|x64
		{82AAAEB3-CEE9-4500-91E1-6E01AEE9D79A}.Debug|x86.ActiveCfg = Debug|Win32
		{82AAAEB3-CEE9-4500-91E1-6E01AEE9D79A}.Debug|x86.Build.0 = Debug|Win32
		{82AAAEB3-CEE9-4500-91E1-6E01AEE9D79A}.Release|x64.ActiveCfg = Release|x64
		{82AAAEB3-CEE9-4500-91E1-6E01AEE9D79A}.Release|x64.Build.0 = Release|x64
		{82AAAEB3-CEE9-4500-91E1-6E01AEE9D79A}.Release|x86.ActiveCfg = Release|Win32
		{82AAAEB3-CEE9-4500-91E1-6E01AEE9D79A}.Release|x86.Build.0 = Release|Win32
	EndGlobalSection
	GlobalSection(SolutionProperties) = preSolution
		HideSolutionNode = FALSE
	EndGlobalSection
	GlobalSection(ExtensibilityGlobals) = postSolution
		SolutionGuid = {37C5D889-356F-4566-BE5B-43EFD1555CC1}
	EndGlobalSection
EndGlobal
